
Microsoft Visual Studio Solution File, Format Version 12.00
# Visual Studio Version 17
VisualStudioVersion = 17.3.32901.215
MinimumVisualStudioVersion = 10.0.40219.1
Project("{9A19103F-16F7-4668-BE54-9A1E7A4F7556}") = "Product", "Product\Product.csproj", "{E216851B-D036-452B-AE4D-248C3698CEAA}"
EndProject
Project("{FAE04EC0-301F-11D3-BF4B-00C04F79EFBC}") = "Product.Infrastructure", "Product.Infrastructure\Product.Infrastructure.csproj", "{0804C260-7CB3-4716-9976-846233769A64}"
EndProject
Project("{FAE04EC0-301F-11D3-BF4B-00C04F79EFBC}") = "Product.Core", "Product.Core\Product.Core.csproj", "{784AE4AC-121F-42C5-8060-4D3EFF47BB69}"
EndProject
Global
	GlobalSection(SolutionConfigurationPlatforms) = preSolution
		Debug|Any CPU = Debug|Any CPU
		Release|Any CPU = Release|Any CPU
	EndGlobalSection
	GlobalSection(ProjectConfigurationPlatforms) = postSolution
		{E216851B-D036-452B-AE4D-248C3698CEAA}.Debug|Any CPU.ActiveCfg = Debug|Any CPU
		{E216851B-D036-452B-AE4D-248C3698CEAA}.Debug|Any CPU.Build.0 = Debug|Any CPU
		{E216851B-D036-452B-AE4D-248C3698CEAA}.Release|Any CPU.ActiveCfg = Release|Any CPU
		{E216851B-D036-452B-AE4D-248C3698CEAA}.Release|Any CPU.Build.0 = Release|Any CPU
		{0804C260-7CB3-4716-9976-846233769A64}.Debug|Any CPU.ActiveCfg = Debug|Any CPU
		{0804C260-7CB3-4716-9976-846233769A64}.Debug|Any CPU.Build.0 = Debug|Any CPU
		{0804C260-7CB3-4716-9976-846233769A64}.Release|Any CPU.ActiveCfg = Release|Any CPU
		{0804C260-7CB3-4716-9976-846233769A64}.Release|Any CPU.Build.0 = Release|Any CPU
		{784AE4AC-121F-42C5-8060-4D3EFF47BB69}.Debug|Any CPU.ActiveCfg = Debug|Any CPU
		{784AE4AC-121F-42C5-8060-4D3EFF47BB69}.Debug|Any CPU.Build.0 = Debug|Any CPU
		{784AE4AC-121F-42C5-8060-4D3EFF47BB69}.Release|Any CPU.ActiveCfg = Release|Any CPU
		{784AE4AC-121F-42C5-8060-4D3EFF47BB69}.Release|Any CPU.Build.0 = Release|Any CPU
	EndGlobalSection
	GlobalSection(SolutionProperties) = preSolution
		HideSolutionNode = FALSE
	EndGlobalSection
	GlobalSection(ExtensibilityGlobals) = postSolution
		SolutionGuid = {152BF68B-D41C-401C-8F81-14FE2833B531}
	EndGlobalSection
EndGlobal
